dependencies:
- name: auth
  repository: ""
  version: 0.1.0
- name: bob
  repository: ""
  version: 0.1.0
- name: draft
  repository: ""
  version: 0.1.0
- name: enigma
  repository: ""
  version: 0.1.0
- name: entryexitmgmt
  repository: ""
  version: 0.1.0
- name: eureka
  repository: ""
  version: 0.1.0
- name: fatima
  repository: ""
  version: 0.1.0
- name: gandalf
  repository: ""
  version: 0.1.0
- name: shamir
  repository: ""
  version: 0.1.0
- name: tom
  repository: ""
  version: 0.1.0
- name: yasuo
  repository: ""
  version: 0.1.0
- name: zeus
  repository: ""
  version: 0.1.0
- name: usermgmt
  repository: ""
  version: 0.1.0
- name: mastermgmt
  repository: ""
  version: 0.1.0
- name: payment
  repository: ""
  version: 0.1.0
- name: lessonmgmt
  repository: ""
  version: 0.1.0
- name: invoicemgmt
  repository: ""
  version: 0.1.0
- name: discount
  repository: ""
  version: 0.1.0
- name: conversationmgmt
  repository: ""
  version: 0.1.0
- name: fink
  repository: ""
  version: 0.1.0
- name: hephaestus
  repository: ""
  version: 0.1.0
- name: calendar
  repository: ""
  version: 0.1.0
- name: notificationmgmt
  repository: ""
  version: 0.1.0
- name: spike
  repository: ""
  version: 0.1.0
- name: timesheet
  repository: ""
  version: 0.1.0
- name: virtualclassroom
  repository: ""
  version: 0.1.0
- name: jerry
  repository: ""
  version: 0.1.0
- name: util
  repository: file://../libs/util
  version: 0.1.0
digest: sha256:231f86e93764c47baa7680de8240474f2c68ec9c695733635340e84426296370
generated: "2023-07-20T14:48:36.785615726+07:00"
